# This file is automatically @generated by Cargo.
# It is not intended for manual editing.
version = 3

[[package]]
name = "file-readers"
version = "0.1.0"

[[package]]
name = "read-bufread"
version = "0.1.0"

[[package]]
name = "read-chunks"
version = "0.1.0"

[[package]]
name = "read-default"
version = "0.1.0"

[[package]]
name = "read-ioread"
version = "0.1.0"

[[package]]
name = "read-threads"
version = "0.1.0"
